
Microsoft Visual Studio Solution File, Format Version 12.00
# Visual Studio Version 16
VisualStudioVersion = 16.0.28315.86
MinimumVisualStudioVersion = 10.0.40219.1
Project("{2150E333-8FDC-42A3-9474-1A3956D46DE8}") = "Engine", "Engine", "{233774A8-CC9D-3FA9-86D1-90573E92B704}"
EndProject
Project("{2150E333-8FDC-42A3-9474-1A3956D46DE8}") = "Games", "Games", "{DE1F8B53-6C02-3C13-9101-A7C8D96F3FF6}"
EndProject
Project("{8BC9CEB8-8B4A-11D0-8D11-00A0C91BC942}") = "UE5", "Intermediate\ProjectFiles\UE5.vcxproj", "{140C06AA-E044-3FA3-80C2-8C65D9B8C3B8}"
EndProject
Project("{8BC9CEB8-8B4A-11D0-8D11-00A0C91BC942}") = "WeLevel", "Intermediate\ProjectFiles\WeLevel.vcxproj", "{BB713261-6FBC-32F6-82F7-FE1C22DBF43C}"
EndProject
Project("{2150E333-8FDC-42A3-9474-1A3956D46DE8}") = "Visualizers", "Visualizers", "{1CCEC849-CC72-4C59-8C36-2F7C38706D4C}"
	ProjectSection(SolutionItems) = preProject
		..\..\..\..\..\Program Files\Epic Games\UE_5.1\Engine\Extras\VisualStudioDebugging\Unreal.natvis = ..\..\..\..\..\Program Files\Epic Games\UE_5.1\Engine\Extras\VisualStudioDebugging\Unreal.natvis
	EndProjectSection
EndProject
Global
	GlobalSection(SolutionConfigurationPlatforms) = preSolution
		DebugGame Editor|Android = DebugGame Editor|Android
		DebugGame Editor|Linux = DebugGame Editor|Linux
		DebugGame Editor|LinuxArm64 = DebugGame Editor|LinuxArm64
		DebugGame Editor|Win64 = DebugGame Editor|Win64
		DebugGame|Android = DebugGame|Android
		DebugGame|Linux = DebugGame|Linux
		DebugGame|LinuxArm64 = DebugGame|LinuxArm64
		DebugGame|Win64 = DebugGame|Win64
		Development Editor|Android = Development Editor|Android
		Development Editor|Linux = Development Editor|Linux
		Development Editor|LinuxArm64 = Development Editor|LinuxArm64
		Development Editor|Win64 = Development Editor|Win64
		Development|Android = Development|Android
		Development|Linux = Development|Linux
		Development|LinuxArm64 = Development|LinuxArm64
		Development|Win64 = Development|Win64
		Shipping|Android = Shipping|Android
		Shipping|Linux = Shipping|Linux
		Shipping|LinuxArm64 = Shipping|LinuxArm64
		Shipping|Win64 = Shipping|Win64
	EndGlobalSection
	# UnrealVS Section
	GlobalSection(ddbf523f-7eb6-4887-bd51-85a714ff87eb) = preSolution
		AvailablePlatforms=Win64;Android;Linux;LinuxArm64
	EndGlobalSection
	GlobalSection(ProjectConfigurationPlatforms) = postSolution
		{140C06AA-E044-3FA3-80C2-8C65D9B8C3B8}.DebugGame Editor|Android.ActiveCfg = BuiltWithUnrealBuildTool|Win64
		{140C06AA-E044-3FA3-80C2-8C65D9B8C3B8}.DebugGame Editor|Linux.ActiveCfg = BuiltWithUnrealBuildTool|Win64
		{140C06AA-E044-3FA3-80C2-8C65D9B8C3B8}.DebugGame Editor|LinuxArm64.ActiveCfg = BuiltWithUnrealBuildTool|Win64
		{140C06AA-E044-3FA3-80C2-8C65D9B8C3B8}.DebugGame Editor|Win64.ActiveCfg = BuiltWithUnrealBuildTool|Win64
		{140C06AA-E044-3FA3-80C2-8C65D9B8C3B8}.DebugGame|Android.ActiveCfg = BuiltWithUnrealBuildTool|Win64
		{140C06AA-E044-3FA3-80C2-8C65D9B8C3B8}.DebugGame|Linux.ActiveCfg = BuiltWithUnrealBuildTool|Win64
		{140C06AA-E044-3FA3-80C2-8C65D9B8C3B8}.DebugGame|LinuxArm64.ActiveCfg = BuiltWithUnrealBuildTool|Win64
		{140C06AA-E044-3FA3-80C2-8C65D9B8C3B8}.DebugGame|Win64.ActiveCfg = BuiltWithUnrealBuildTool|Win64
		{140C06AA-E044-3FA3-80C2-8C65D9B8C3B8}.Development Editor|Android.ActiveCfg = BuiltWithUnrealBuildTool|Win64
		{140C06AA-E044-3FA3-80C2-8C65D9B8C3B8}.Development Editor|Linux.ActiveCfg = BuiltWithUnrealBuildTool|Win64
		{140C06AA-E044-3FA3-80C2-8C65D9B8C3B8}.Development Editor|LinuxArm64.ActiveCfg = BuiltWithUnrealBuildTool|Win64
		{140C06AA-E044-3FA3-80C2-8C65D9B8C3B8}.Development Editor|Win64.ActiveCfg = BuiltWithUnrealBuildTool|Win64
		{140C06AA-E044-3FA3-80C2-8C65D9B8C3B8}.Development|Android.ActiveCfg = BuiltWithUnrealBuildTool|Win64
		{140C06AA-E044-3FA3-80C2-8C65D9B8C3B8}.Development|Linux.ActiveCfg = BuiltWithUnrealBuildTool|Win64
		{140C06AA-E044-3FA3-80C2-8C65D9B8C3B8}.Development|LinuxArm64.ActiveCfg = BuiltWithUnrealBuildTool|Win64
		{140C06AA-E044-3FA3-80C2-8C65D9B8C3B8}.Development|Win64.ActiveCfg = BuiltWithUnrealBuildTool|Win64
		{140C06AA-E044-3FA3-80C2-8C65D9B8C3B8}.Shipping|Android.ActiveCfg = BuiltWithUnrealBuildTool|Win64
		{140C06AA-E044-3FA3-80C2-8C65D9B8C3B8}.Shipping|Linux.ActiveCfg = BuiltWithUnrealBuildTool|Win64
		{140C06AA-E044-3FA3-80C2-8C65D9B8C3B8}.Shipping|LinuxArm64.ActiveCfg = BuiltWithUnrealBuildTool|Win64
		{140C06AA-E044-3FA3-80C2-8C65D9B8C3B8}.Shipping|Win64.ActiveCfg = BuiltWithUnrealBuildTool|Win64
		{BB713261-6FBC-32F6-82F7-FE1C22DBF43C}.DebugGame Editor|Android.ActiveCfg = Invalid|x64
		{BB713261-6FBC-32F6-82F7-FE1C22DBF43C}.DebugGame Editor|Linux.ActiveCfg = Linux_DebugGame_Editor|Win64
		{BB713261-6FBC-32F6-82F7-FE1C22DBF43C}.DebugGame Editor|Linux.Build.0 = Linux_DebugGame_Editor|Win64
		{BB713261-6FBC-32F6-82F7-FE1C22DBF43C}.DebugGame Editor|LinuxArm64.ActiveCfg = Invalid|x64
		{BB713261-6FBC-32F6-82F7-FE1C22DBF43C}.DebugGame Editor|Win64.ActiveCfg = DebugGame_Editor|x64
		{BB713261-6FBC-32F6-82F7-FE1C22DBF43C}.DebugGame Editor|Win64.Build.0 = DebugGame_Editor|x64
		{BB713261-6FBC-32F6-82F7-FE1C22DBF43C}.DebugGame|Android.ActiveCfg = Android_DebugGame|Win64
		{BB713261-6FBC-32F6-82F7-FE1C22DBF43C}.DebugGame|Android.Build.0 = Android_DebugGame|Win64
		{BB713261-6FBC-32F6-82F7-FE1C22DBF43C}.DebugGame|Linux.ActiveCfg = Linux_DebugGame|Win64
		{BB713261-6FBC-32F6-82F7-FE1C22DBF43C}.DebugGame|Linux.Build.0 = Linux_DebugGame|Win64
		{BB713261-6FBC-32F6-82F7-FE1C22DBF43C}.DebugGame|LinuxArm64.ActiveCfg = LinuxArm64_DebugGame|Win64
		{BB713261-6FBC-32F6-82F7-FE1C22DBF43C}.DebugGame|LinuxArm64.Build.0 = LinuxArm64_DebugGame|Win64
		{BB713261-6FBC-32F6-82F7-FE1C22DBF43C}.DebugGame|Win64.ActiveCfg = DebugGame|x64
		{BB713261-6FBC-32F6-82F7-FE1C22DBF43C}.DebugGame|Win64.Build.0 = DebugGame|x64
		{BB713261-6FBC-32F6-82F7-FE1C22DBF43C}.Development Editor|Android.ActiveCfg = Invalid|x64
		{BB713261-6FBC-32F6-82F7-FE1C22DBF43C}.Development Editor|Linux.ActiveCfg = Linux_Development_Editor|Win64
		{BB713261-6FBC-32F6-82F7-FE1C22DBF43C}.Development Editor|Linux.Build.0 = Linux_Development_Editor|Win64
		{BB713261-6FBC-32F6-82F7-FE1C22DBF43C}.Development Editor|LinuxArm64.ActiveCfg = Invalid|x64
		{BB713261-6FBC-32F6-82F7-FE1C22DBF43C}.Development Editor|Win64.ActiveCfg = Development_Editor|x64
		{BB713261-6FBC-32F6-82F7-FE1C22DBF43C}.Development Editor|Win64.Build.0 = Development_Editor|x64
		{BB713261-6FBC-32F6-82F7-FE1C22DBF43C}.Development|Android.ActiveCfg = Android_Development|Win64
		{BB713261-6FBC-32F6-82F7-FE1C22DBF43C}.Development|Android.Build.0 = Android_Development|Win64
		{BB713261-6FBC-32F6-82F7-FE1C22DBF43C}.Development|Linux.ActiveCfg = Linux_Development|Win64
		{BB713261-6FBC-32F6-82F7-FE1C22DBF43C}.Development|Linux.Build.0 = Linux_Development|Win64
		{BB713261-6FBC-32F6-82F7-FE1C22DBF43C}.Development|LinuxArm64.ActiveCfg = LinuxArm64_Development|Win64
		{BB713261-6FBC-32F6-82F7-FE1C22DBF43C}.Development|LinuxArm64.Build.0 = LinuxArm64_Development|Win64
		{BB713261-6FBC-32F6-82F7-FE1C22DBF43C}.Development|Win64.ActiveCfg = Development|x64
		{BB713261-6FBC-32F6-82F7-FE1C22DBF43C}.Development|Win64.Build.0 = Development|x64
		{BB713261-6FBC-32F6-82F7-FE1C22DBF43C}.Shipping|Android.ActiveCfg = Android_Shipping|Win64
		{BB713261-6FBC-32F6-82F7-FE1C22DBF43C}.Shipping|Android.Build.0 = Android_Shipping|Win64
		{BB713261-6FBC-32F6-82F7-FE1C22DBF43C}.Shipping|Linux.ActiveCfg = Linux_Shipping|Win64
		{BB713261-6FBC-32F6-82F7-FE1C22DBF43C}.Shipping|Linux.Build.0 = Linux_Shipping|Win64
		{BB713261-6FBC-32F6-82F7-FE1C22DBF43C}.Shipping|LinuxArm64.ActiveCfg = LinuxArm64_Shipping|Win64
		{BB713261-6FBC-32F6-82F7-FE1C22DBF43C}.Shipping|LinuxArm64.Build.0 = LinuxArm64_Shipping|Win64
		{BB713261-6FBC-32F6-82F7-FE1C22DBF43C}.Shipping|Win64.ActiveCfg = Shipping|x64
		{BB713261-6FBC-32F6-82F7-FE1C22DBF43C}.Shipping|Win64.Build.0 = Shipping|x64
	EndGlobalSection
	GlobalSection(SolutionProperties) = preSolution
		HideSolutionNode = FALSE
	EndGlobalSection
	GlobalSection(NestedProjects) = preSolution
		{140C06AA-E044-3FA3-80C2-8C65D9B8C3B8} = {233774A8-CC9D-3FA9-86D1-90573E92B704}
		{BB713261-6FBC-32F6-82F7-FE1C22DBF43C} = {DE1F8B53-6C02-3C13-9101-A7C8D96F3FF6}
	EndGlobalSection
EndGlobal
